// !$*UTF8*$!
{
	archiveVersion = 1;
	classes = {
	};
	objectVersion = 56;
	objects = {

/* Begin PBXBuildFile section */
		C6C8C35D2A37159100100E42 /* AppDelegate.swift in Sources */ = {isa = PBXBuildFile; fileRef = C6C8C35C2A37159100100E42 /* AppDelegate.swift */; };
		C6C8C35F2A37159100100E42 /* SceneDelegate.swift in Sources */ = {isa = PBXBuildFile; fileRef = C6C8C35E2A37159100100E42 /* SceneDelegate.swift */; };
		C6C8C3612A37159100100E42 /* ViewController.swift in Sources */ = {isa = PBXBuildFile; fileRef = C6C8C3602A37159100100E42 /* ViewController.swift */; };
		C6C8C3642A37159100100E42 /* Main.storyboard in Resources */ = {isa = PBXBuildFile; fileRef = C6C8C3622A37159100100E42 /* Main.storyboard */; };
		C6C8C3662A37159400100E42 /* Assets.xcassets in Resources */ = {isa = PBXBuildFile; fileRef = C6C8C3652A37159400100E42 /* Assets.xcassets */; };
		C6C8C3692A37159400100E42 /* LaunchScreen.storyboard in Resources */ = {isa = PBXBuildFile; fileRef = C6C8C3672A37159400100E42 /* LaunchScreen.storyboard */; };
		C6C8C3742A37159400100E42 /* CounterTests.swift in Sources */ = {isa = PBXBuildFile; fileRef = C6C8C3732A37159400100E42 /* CounterTests.swift */; };
		C6C8C37E2A37159400100E42 /* CounterUITests.swift in Sources */ = {isa = PBXBuildFile; fileRef = C6C8C37D2A37159400100E42 /* CounterUITests.swift */; };
		C6C8C3802A37159400100E42 /* CounterUITestsLaunchTests.swift in Sources */ = {isa = PBXBuildFile; fileRef = C6C8C37F2A37159400100E42 /* CounterUITestsLaunchTests.swift */; };
/* End PBXBuildFile section */

/* Begin PBXContainerItemProxy section */
		C6C8C3702A37159400100E42 /* PBXContainerItemProxy */ = {
			isa = PBXContainerItemProxy;
			containerPortal = C6C8C3512A37159100100E42 /* Project object */;
			proxyType = 1;
			remoteGlobalIDString = C6C8C3582A37159100100E42;
			remoteInfo = Counter;
		};
		C6C8C37A2A37159400100E42 /* PBXContainerItemProxy */ = {
			isa = PBXContainerItemProxy;
			containerPortal = C6C8C3512A37159100100E42 /* Project object */;
			proxyType = 1;
			remoteGlobalIDString = C6C8C3582A37159100100E42;
			remoteInfo = Counter;
		};
/* End PBXContainerItemProxy section */

/* Begin PBXFileReference section */
		C6C8C3592A37159100100E42 /* Counter.app */ = {isa = PBXFileReference; explicitFileType = wrapper.application; includeInIndex = 0; path = Counter.app; sourceTree = BUILT_PRODUCTS_DIR; };
		C6C8C35C2A37159100100E42 /* AppDelegate.swift */ = {isa = PBXFileReference; lastKnownFileType = sourcecode.swift; path = AppDelegate.swift; sourceTree = "<group>"; };
		C6C8C35E2A37159100100E42 /* SceneDelegate.swift */ = {isa = PBXFileReference; lastKnownFileType = sourcecode.swift; path = SceneDelegate.swift; sourceTree = "<group>"; };
		C6C8C3602A37159100100E42 /* ViewController.swift */ = {isa = PBXFileReference; lastKnownFileType = sourcecode.swift; path = ViewController.swift; sourceTree = "<group>"; };
		C6C8C3632A37159100100E42 /* Base */ = {isa = PBXFileReference; lastKnownFileType = file.storyboard; name = Base; path = Base.lproj/Main.storyboard; sourceTree = "<group>"; };
		C6C8C3652A37159400100E42 /* Assets.xcassets */ = {isa = PBXFileReference; lastKnownFileType = folder.assetcatalog; path = Assets.xcassets; sourceTree = "<group>"; };
		C6C8C3682A37159400100E42 /* Base */ = {isa = PBXFileReference; lastKnownFileType = file.storyboard; name = Base; path = Base.lproj/LaunchScreen.storyboard; sourceTree = "<group>"; };
		C6C8C36A2A37159400100E42 /* Info.plist */ = {isa = PBXFileReference; lastKnownFileType = text.plist.xml; path = Info.plist; sourceTree = "<group>"; };
		C6C8C36F2A37159400100E42 /* CounterTests.xctest */ = {isa = PBXFileReference; explicitFileType = wrapper.cfbundle; includeInIndex = 0; path = CounterTests.xctest; sourceTree = BUILT_PRODUCTS_DIR; };
		C6C8C3732A37159400100E42 /* CounterTests.swift */ = {isa = PBXFileReference; lastKnownFileType = sourcecode.swift; path = CounterTests.swift; sourceTree = "<group>"; };
		C6C8C3792A37159400100E42 /* CounterUITests.xctest */ = {isa = PBXFileReference; explicitFileType = wrapper.cfbundle; includeInIndex = 0; path = CounterUITests.xctest; sourceTree = BUILT_PRODUCTS_DIR; };
		C6C8C37D2A37159400100E42 /* CounterUITests.swift */ = {isa = PBXFileReference; lastKnownFileType = sourcecode.swift; path = CounterUITests.swift; sourceTree = "<group>"; };
		C6C8C37F2A37159400100E42 /* CounterUITestsLaunchTests.swift */ = {isa = PBXFileReference; lastKnownFileType = sourcecode.swift; path = CounterUITestsLaunchTests.swift; sourceTree = "<group>"; };
/* End PBXFileReference section */

/* Begin PBXFrameworksBuildPhase section */
		C6C8C3562A37159100100E42 /* Frameworks */ = {
			isa = PBXFrameworksBuildPhase;
			buildActionMask = 2147483647;
			files = (
			);
			runOnlyForDeploymentPostprocessing = 0;
		};
		C6C8C36C2A37159400100E42 /* Frameworks */ = {
			isa = PBXFrameworksBuildPhase;
			buildActionMask = 2147483647;
			files = (
			);
			runOnlyForDeploymentPostprocessing = 0;
		};
		C6C8C3762A37159400100E42 /* Frameworks */ = {
			isa = PBXFrameworksBuildPhase;
			buildActionMask = 2147483647;
			files = (
			);
			runOnlyForDeploymentPostprocessing = 0;
		};
/* End PBXFrameworksBuildPhase section */

/* Begin PBXGroup section */
		C6C8C3502A37159100100E42 = {
			isa = PBXGroup;
			children = (
				C6C8C35B2A37159100100E42 /* Counter */,
				C6C8C3722A37159400100E42 /* CounterTests */,
				C6C8C37C2A37159400100E42 /* CounterUITests */,
				C6C8C35A2A37159100100E42 /* Products */,
			);
			sourceTree = "<group>";
		};
		C6C8C35A2A37159100100E42 /* Products */ = {
			isa = PBXGroup;
			children = (
				C6C8C3592A37159100100E42 /* Counter.app */,
				C6C8C36F2A37159400100E42 /* CounterTests.xctest */,
				C6C8C3792A37159400100E42 /* CounterUITests.xctest */,
			);
			name = Products;
			sourceTree = "<group>";
		};
		C6C8C35B2A37159100100E42 /* Counter */ = {
			isa = PBXGroup;
			children = (
				C6C8C35C2A37159100100E42 /* AppDelegate.swift */,
				C6C8C35E2A37159100100E42 /* SceneDelegate.swift */,
				C6C8C3602A37159100100E42 /* ViewController.swift */,
				C6C8C3622A37159100100E42 /* Main.storyboard */,
				C6C8C3652A37159400100E42 /* Assets.xcassets */,
				C6C8C3672A37159400100E42 /* LaunchScreen.storyboard */,
				C6C8C36A2A37159400100E42 /* Info.plist */,
			);
			path = Counter;
			sourceTree = "<group>";
		};
		C6C8C3722A37159400100E42 /* CounterTests */ = {
			isa = PBXGroup;
			children = (
				C6C8C3732A37159400100E42 /* CounterTests.swift */,
			);
			path = CounterTests;
			sourceTree = "<group>";
		};
		C6C8C37C2A37159400100E42 /* CounterUITests */ = {
			isa = PBXGroup;
			children = (
				C6C8C37D2A37159400100E42 /* CounterUITests.swift */,
				C6C8C37F2A37159400100E42 /* CounterUITestsLaunchTests.swift */,
			);
			path = CounterUITests;
			sourceTree = "<group>";
		};
/* End PBXGroup section */

/* Begin PBXNativeTarget section */
		C6C8C3582A37159100100E42 /* Counter */ = {
			isa = PBXNativeTarget;
			buildConfigurationList = C6C8C3832A37159400100E42 /* Build configuration list for PBXNativeTarget "Counter" */;
			buildPhases = (
				C6C8C3552A37159100100E42 /* Sources */,
				C6C8C3562A37159100100E42 /* Frameworks */,
				C6C8C3572A37159100100E42 /* Resources */,
			);
			buildRules = (
			);
			dependencies = (
			);
			name = Counter;
			productName = Counter;
			productReference = C6C8C3592A37159100100E42 /* Counter.app */;
			productType = "com.apple.product-type.application";
		};
		C6C8C36E2A37159400100E42 /* CounterTests */ = {
			isa = PBXNativeTarget;
			buildConfigurationList = C6C8C3862A37159400100E42 /* Build configuration list for PBXNativeTarget "CounterTests" */;
			buildPhases = (
				C6C8C36B2A37159400100E42 /* Sources */,
				C6C8C36C2A37159400100E42 /* Frameworks */,
				C6C8C36D2A37159400100E42 /* Resources */,
			);
			buildRules = (
			);
			dependencies = (
				C6C8C3712A37159400100E42 /* PBXTargetDependency */,
			);
			name = CounterTests;
			productName = CounterTests;
			productReference = C6C8C36F2A37159400100E42 /* CounterTests.xctest */;
			productType = "com.apple.product-type.bundle.unit-test";
		};
		C6C8C3782A37159400100E42 /* CounterUITests */ = {
			isa = PBXNativeTarget;
			buildConfigurationList = C6C8C3892A37159400100E42 /* Build configuration list for PBXNativeTarget "CounterUITests" */;
			buildPhases = (
				C6C8C3752A37159400100E42 /* Sources */,
				C6C8C3762A37159400100E42 /* Frameworks */,
				C6C8C3772A37159400100E42 /* Resources */,
			);
			buildRules = (
			);
			dependencies = (
				C6C8C37B2A37159400100E42 /* PBXTargetDependency */,
			);
			name = CounterUITests;
			productName = CounterUITests;
			productReference = C6C8C3792A37159400100E42 /* CounterUITests.xctest */;
			productType = "com.apple.product-type.bundle.ui-testing";
		};
/* End PBXNativeTarget section */

/* Begin PBXProject section */
		C6C8C3512A37159100100E42 /* Project object */ = {
			isa = PBXProject;
			attributes = {
				BuildIndependentTargetsInParallel = 1;
				LastSwiftUpdateCheck = 1430;
				LastUpgradeCheck = 1430;
				TargetAttributes = {
					C6C8C3582A37159100100E42 = {
						CreatedOnToolsVersion = 14.3.1;
					};
					C6C8C36E2A37159400100E42 = {
						CreatedOnToolsVersion = 14.3.1;
						TestTargetID = C6C8C3582A37159100100E42;
					};
					C6C8C3782A37159400100E42 = {
						CreatedOnToolsVersion = 14.3.1;
						TestTargetID = C6C8C3582A37159100100E42;
					};
				};
			};
			buildConfigurationList = C6C8C3542A37159100100E42 /* Build configuration list for PBXProject "Counter" */;
			compatibilityVersion = "Xcode 14.0";
			developmentRegion = en;
			hasScannedForEncodings = 0;
			knownRegions = (
				en,
				Base,
			);
			mainGroup = C6C8C3502A37159100100E42;
			productRefGroup = C6C8C35A2A37159100100E42 /* Products */;
			projectDirPath = "";
			projectRoot = "";
			targets = (
				C6C8C3582A37159100100E42 /* Counter */,
				C6C8C36E2A37159400100E42 /* CounterTests */,
				C6C8C3782A37159400100E42 /* CounterUITests */,
			);
		};
/* End PBXProject section */

/* Begin PBXResourcesBuildPhase section */
		C6C8C3572A37159100100E42 /* Resources */ = {
			isa = PBXResourcesBuildPhase;
			buildActionMask = 2147483647;
			files = (
				C6C8C3692A37159400100E42 /* LaunchScreen.storyboard in Resources */,
				C6C8C3662A37159400100E42 /* Assets.xcassets in Resources */,
				C6C8C3642A37159100100E42 /* Main.storyboard in Resources */,
			);
			runOnlyForDeploymentPostprocessing = 0;
		};
		C6C8C36D2A37159400100E42 /* Resources */ = {
			isa = PBXResourcesBuildPhase;
			buildActionMask = 2147483647;
			files = (
			);
			runOnlyForDeploymentPostprocessing = 0;
		};
		C6C8C3772A37159400100E42 /* Resources */ = {
			isa = PBXResourcesBuildPhase;
			buildActionMask = 2147483647;
			files = (
			);
			runOnlyForDeploymentPostprocessing = 0;
		};
/* End PBXResourcesBuildPhase section */

/* Begin PBXSourcesBuildPhase section */
		C6C8C3552A37159100100E42 /* Sources */ = {
			isa = PBXSourcesBuildPhase;
			buildActionMask = 2147483647;
			files = (
				C6C8C3612A37159100100E42 /* ViewController.swift in Sources */,
				C6C8C35D2A37159100100E42 /* AppDelegate.swift in Sources */,
				C6C8C35F2A37159100100E42 /* SceneDelegate.swift in Sources */,
			);
			runOnlyForDeploymentPostprocessing = 0;
		};
		C6C8C36B2A37159400100E42 /* Sources */ = {
			isa = PBXSourcesBuildPhase;
			buildActionMask = 2147483647;
			files = (
				C6C8C3742A37159400100E42 /* CounterTests.swift in Sources */,
			);
			runOnlyForDeploymentPostprocessing = 0;
		};
		C6C8C3752A37159400100E42 /* Sources */ = {
			isa = PBXSourcesBuildPhase;
			buildActionMask = 2147483647;
			files = (
				C6C8C37E2A37159400100E42 /* CounterUITests.swift in Sources */,
				C6C8C3802A37159400100E42 /* CounterUITestsLaunchTests.swift in Sources */,
			);
			runOnlyForDeploymentPostprocessing = 0;
		};
/* End PBXSourcesBuildPhase section */

/* Begin PBXTargetDependency section */
		C6C8C3712A37159400100E42 /* PBXTargetDependency */ = {
			isa = PBXTargetDependency;
			target = C6C8C3582A37159100100E42 /* Counter */;
			targetProxy = C6C8C3702A37159400100E42 /* PBXContainerItemProxy */;
		};
		C6C8C37B2A37159400100E42 /* PBXTargetDependency */ = {
			isa = PBXTargetDependency;
			target = C6C8C3582A37159100100E42 /* Counter */;
			targetProxy = C6C8C37A2A37159400100E42 /* PBXContainerItemProxy */;
		};
/* End PBXTargetDependency section */

/* Begin PBXVariantGroup section */
		C6C8C3622A37159100100E42 /* Main.storyboard */ = {
			isa = PBXVariantGroup;
			children = (
				C6C8C3632A37159100100E42 /* Base */,
			);
			name = Main.storyboard;
			sourceTree = "<group>";
		};
		C6C8C3672A37159400100E42 /* LaunchScreen.storyboard */ = {
			isa = PBXVariantGroup;
			children = (
				C6C8C3682A37159400100E42 /* Base */,
			);
			name = LaunchScreen.storyboard;
			sourceTree = "<group>";
		};
/* End PBXVariantGroup section */

/* Begin XCBuildConfiguration section */
		C6C8C3812A37159400100E42 /* Debug */ = {
			isa = XCBuildConfiguration;
			buildSettings = {
				ALWAYS_SEARCH_USER_PATHS = NO;
				CLANG_ANALYZER_NONNULL = YES;
				CLANG_ANALYZER_NUMBER_OBJECT_CONVERSION = YES_AGGRESSIVE;
				CLANG_CXX_LANGUAGE_STANDARD = "gnu++20";
				CLANG_ENABLE_MODULES = YES;
				CLANG_ENABLE_OBJC_ARC = YES;
				CLANG_ENABLE_OBJC_WEAK = YES;
				CLANG_WARN_BLOCK_CAPTURE_AUTORELEASING = YES;
				CLANG_WARN_BOOL_CONVERSION = YES;
				CLANG_WARN_COMMA = YES;
				CLANG_WARN_CONSTANT_CONVERSION = YES;
				CLANG_WARN_DEPRECATED_OBJC_IMPLEMENTATIONS = YES;
				CLANG_WARN_DIRECT_OBJC_ISA_USAGE = YES_ERROR;
				CLANG_WARN_DOCUMENTATION_COMMENTS = YES;
				CLANG_WARN_EMPTY_BODY = YES;
				CLANG_WARN_ENUM_CONVERSION = YES;
				CLANG_WARN_INFINITE_RECURSION = YES;
				CLANG_WARN_INT_CONVERSION = YES;
				CLANG_WARN_NON_LITERAL_NULL_CONVERSION = YES;
				CLANG_WARN_OBJC_IMPLICIT_RETAIN_SELF = YES;
				CLANG_WARN_OBJC_LITERAL_CONVERSION = YES;
				CLANG_WARN_OBJC_ROOT_CLASS = YES_ERROR;
				CLANG_WARN_QUOTED_INCLUDE_IN_FRAMEWORK_HEADER = YES;
				CLANG_WARN_RANGE_LOOP_ANALYSIS = YES;
				CLANG_WARN_STRICT_PROTOTYPES = YES;
				CLANG_WARN_SUSPICIOUS_MOVE = YES;
				CLANG_WARN_UNGUARDED_AVAILABILITY = YES_AGGRESSIVE;
				CLANG_WARN_UNREACHABLE_CODE = YES;
				CLANG_WARN__DUPLICATE_METHOD_MATCH = YES;
				COPY_PHASE_STRIP = NO;
				DEBUG_INFORMATION_FORMAT = dwarf;
				ENABLE_STRICT_OBJC_MSGSEND = YES;
				ENABLE_TESTABILITY = YES;
				GCC_C_LANGUAGE_STANDARD = gnu11;
				GCC_DYNAMIC_NO_PIC = NO;
				GCC_NO_COMMON_BLOCKS = YES;
				GCC_OPTIMIZATION_LEVEL = 0;
				GCC_PREPROCESSOR_DEFINITIONS = (
					"DEBUG=1",
					"$(inherited)",
				);
				GCC_WARN_64_TO_32_BIT_CONVERSION = YES;
				GCC_WARN_ABOUT_RETURN_TYPE = YES_ERROR;
				GCC_WARN_UNDECLARED_SELECTOR = YES;
				GCC_WARN_UNINITIALIZED_AUTOS = YES_AGGRESSIVE;
				GCC_WARN_UNUSED_FUNCTION = YES;
				GCC_WARN_UNUSED_VARIABLE = YES;
				IPHONEOS_DEPLOYMENT_TARGET = 16.4;
				MTL_ENABLE_DEBUG_INFO = INCLUDE_SOURCE;
				MTL_FAST_MATH = YES;
				ONLY_ACTIVE_ARCH = YES;
				SDKROOT = iphoneos;
				SWIFT_ACTIVE_COMPILATION_CONDITIONS = DEBUG;
				SWIFT_OPTIMIZATION_LEVEL = "-Onone";
			};
			name = Debug;
		};
		C6C8C3822A37159400100E42 /* Release */ = {
			isa = XCBuildConfiguration;
			buildSettings = {
				ALWAYS_SEARCH_USER_PATHS = NO;
				CLANG_ANALYZER_NONNULL = YES;
				CLANG_ANALYZER_NUMBER_OBJECT_CONVERSION = YES_AGGRESSIVE;
				CLANG_CXX_LANGUAGE_STANDARD = "gnu++20";
				CLANG_ENABLE_MODULES = YES;
				CLANG_ENABLE_OBJC_ARC = YES;
				CLANG_ENABLE_OBJC_WEAK = YES;
				CLANG_WARN_BLOCK_CAPTURE_AUTORELEASING = YES;
				CLANG_WARN_BOOL_CONVERSION = YES;
				CLANG_WARN_COMMA = YES;
				CLANG_WARN_CONSTANT_CONVERSION = YES;
				CLANG_WARN_DEPRECATED_OBJC_IMPLEMENTATIONS = YES;
				CLANG_WARN_DIRECT_OBJC_ISA_USAGE = YES_ERROR;
				CLANG_WARN_DOCUMENTATION_COMMENTS = YES;
				CLANG_WARN_EMPTY_BODY = YES;
				CLANG_WARN_ENUM_CONVERSION = YES;
				CLANG_WARN_INFINITE_RECURSION = YES;
				CLANG_WARN_INT_CONVERSION = YES;
				CLANG_WARN_NON_LITERAL_NULL_CONVERSION = YES;
				CLANG_WARN_OBJC_IMPLICIT_RETAIN_SELF = YES;
				CLANG_WARN_OBJC_LITERAL_CONVERSION = YES;
				CLANG_WARN_OBJC_ROOT_CLASS = YES_ERROR;
				CLANG_WARN_QUOTED_INCLUDE_IN_FRAMEWORK_HEADER = YES;
				CLANG_WARN_RANGE_LOOP_ANALYSIS = YES;
				CLANG_WARN_STRICT_PROTOTYPES = YES;
				CLANG_WARN_SUSPICIOUS_MOVE = YES;
				CLANG_WARN_UNGUARDED_AVAILABILITY = YES_AGGRESSIVE;
				CLANG_WARN_UNREACHABLE_CODE = YES;
				CLANG_WARN__DUPLICATE_METHOD_MATCH = YES;
				COPY_PHASE_STRIP = NO;
				DEBUG_INFORMATION_FORMAT = "dwarf-with-dsym";
				ENABLE_NS_ASSERTIONS = NO;
				ENABLE_STRICT_OBJC_MSGSEND = YES;
				GCC_C_LANGUAGE_STANDARD = gnu11;
				GCC_NO_COMMON_BLOCKS = YES;
				GCC_WARN_64_TO_32_BIT_CONVERSION = YES;
				GCC_WARN_ABOUT_RETURN_TYPE = YES_ERROR;
				GCC_WARN_UNDECLARED_SELECTOR = YES;
				GCC_WARN_UNINITIALIZED_AUTOS = YES_AGGRESSIVE;
				GCC_WARN_UNUSED_FUNCTION = YES;
				GCC_WARN_UNUSED_VARIABLE = YES;
				IPHONEOS_DEPLOYMENT_TARGET = 16.4;
				MTL_ENABLE_DEBUG_INFO = NO;
				MTL_FAST_MATH = YES;
				SDKROOT = iphoneos;
				SWIFT_COMPILATION_MODE = wholemodule;
				SWIFT_OPTIMIZATION_LEVEL = "-O";
				VALIDATE_PRODUCT = YES;
			};
			name = Release;
		};
		C6C8C3842A37159400100E42 /* Debug */ = {
			isa = XCBuildConfiguration;
			buildSettings = {
				ASSETCATALOG_COMPILER_APPICON_NAME = AppIcon;
				ASSETCATALOG_COMPILER_GLOBAL_ACCENT_COLOR_NAME = AccentColor;
				CODE_SIGN_STYLE = Automatic;
				CURRENT_PROJECT_VERSION = 1;
				DEVELOPMENT_TEAM = 74W9FTDH8D;
				GENERATE_INFOPLIST_FILE = YES;
				INFOPLIST_FILE = Counter/Info.plist;
				INFOPLIST_KEY_UIApplicationSupportsIndirectInputEvents = YES;
				INFOPLIST_KEY_UILaunchStoryboardName = LaunchScreen;
				INFOPLIST_KEY_UIMainStoryboardFile = Main;
				INFOPLIST_KEY_UISupportedInterfaceOrientations_iPad = "UIInterfaceOrientationPortrait UIInterfaceOrientationPortraitUpsideDown UIInterfaceOrientationLandscapeLeft UIInterfaceOrientationLandscapeRight";
				INFOPLIST_KEY_UISupportedInterfaceOrientations_iPhone = "UIInterfaceOrientationPortrait UIInterfaceOrientationLandscapeLeft UIInterfaceOrientationLandscapeRight";
				LD_RUNPATH_SEARCH_PATHS = (
					"$(inherited)",
					"@executable_path/Frameworks",
				);
				MARKETING_VERSION = 1.0;
				PRODUCT_BUNDLE_IDENTIFIER = org.fngoc.Counter;
				PRODUCT_NAME = "$(TARGET_NAME)";
				SWIFT_EMIT_LOC_STRINGS = YES;
				SWIFT_VERSION = 5.0;
				TARGETED_DEVICE_FAMILY = "1,2";
			};
			name = Debug;
		};
		C6C8C3852A37159400100E42 /* Release */ = {
			isa = XCBuildConfiguration;
			buildSettings = {
				ASSETCATALOG_COMPILER_APPICON_NAME = AppIcon;
				ASSETCATALOG_COMPILER_GLOBAL_ACCENT_COLOR_NAME = AccentColor;
				CODE_SIGN_STYLE = Automatic;
				CURRENT_PROJECT_VERSION = 1;
				DEVELOPMENT_TEAM = 74W9FTDH8D;
				GENERATE_INFOPLIST_FILE = YES;
				INFOPLIST_FILE = Counter/Info.plist;
				INFOPLIST_KEY_UIApplicationSupportsIndirectInputEvents = YES;
				INFOPLIST_KEY_UILaunchStoryboardName = LaunchScreen;
				INFOPLIST_KEY_UIMainStoryboardFile = Main;
				INFOPLIST_KEY_UISupportedInterfaceOrientations_iPad = "UIInterfaceOrientationPortrait UIInterfaceOrientationPortraitUpsideDown UIInterfaceOrientationLandscapeLeft UIInterfaceOrientationLandscapeRight";
				INFOPLIST_KEY_UISupportedInterfaceOrientations_iPhone = "UIInterfaceOrientationPortrait UIInterfaceOrientationLandscapeLeft UIInterfaceOrientationLandscapeRight";
				LD_RUNPATH_SEARCH_PATHS = (
					"$(inherited)",
					"@executable_path/Frameworks",
				);
				MARKETING_VERSION = 1.0;
				PRODUCT_BUNDLE_IDENTIFIER = org.fngoc.Counter;
				PRODUCT_NAME = "$(TARGET_NAME)";
				SWIFT_EMIT_LOC_STRINGS = YES;
				SWIFT_VERSION = 5.0;
				TARGETED_DEVICE_FAMILY = "1,2";
			};
			name = Release;
		};
		C6C8C3872A37159400100E42 /* Debug */ = {
			isa = XCBuildConfiguration;
			buildSettings = {
				ALWAYS_EMBED_SWIFT_STANDARD_LIBRARIES = YES;
				BUNDLE_LOADER = "$(TEST_HOST)";
				CODE_SIGN_STYLE = Automatic;
				CURRENT_PROJECT_VERSION = 1;
				DEVELOPMENT_TEAM = 74W9FTDH8D;
				GENERATE_INFOPLIST_FILE = YES;
				IPHONEOS_DEPLOYMENT_TARGET = 16.4;
				MARKETING_VERSION = 1.0;
				PRODUCT_BUNDLE_IDENTIFIER = org.fngoc.CounterTests;
				PRODUCT_NAME = "$(TARGET_NAME)";
				SWIFT_EMIT_LOC_STRINGS = NO;
				SWIFT_VERSION = 5.0;
				TARGETED_DEVICE_FAMILY = "1,2";
				TEST_HOST = "$(BUILT_PRODUCTS_DIR)/Counter.app/$(BUNDLE_EXECUTABLE_FOLDER_PATH)/Counter";
			};
			name = Debug;
		};
		C6C8C3882A37159400100E42 /* Release */ = {
			isa = XCBuildConfiguration;
			buildSettings = {
				ALWAYS_EMBED_SWIFT_STANDARD_LIBRARIES = YES;
				BUNDLE_LOADER = "$(TEST_HOST)";
				CODE_SIGN_STYLE = Automatic;
				CURRENT_PROJECT_VERSION = 1;
				DEVELOPMENT_TEAM = 74W9FTDH8D;
				GENERATE_INFOPLIST_FILE = YES;
				IPHONEOS_DEPLOYMENT_TARGET = 16.4;
				MARKETING_VERSION = 1.0;
				PRODUCT_BUNDLE_IDENTIFIER = org.fngoc.CounterTests;
				PRODUCT_NAME = "$(TARGET_NAME)";
				SWIFT_EMIT_LOC_STRINGS = NO;
				SWIFT_VERSION = 5.0;
				TARGETED_DEVICE_FAMILY = "1,2";
				TEST_HOST = "$(BUILT_PRODUCTS_DIR)/Counter.app/$(BUNDLE_EXECUTABLE_FOLDER_PATH)/Counter";
			};
			name = Release;
		};
		C6C8C38A2A37159400100E42 /* Debug */ = {
			isa = XCBuildConfiguration;
			buildSettings = {
				ALWAYS_EMBED_SWIFT_STANDARD_LIBRARIES = YES;
				CODE_SIGN_STYLE = Automatic;
				CURRENT_PROJECT_VERSION = 1;
				DEVELOPMENT_TEAM = 74W9FTDH8D;
				GENERATE_INFOPLIST_FILE = YES;
				MARKETING_VERSION = 1.0;
				PRODUCT_BUNDLE_IDENTIFIER = org.fngoc.CounterUITests;
				PRODUCT_NAME = "$(TARGET_NAME)";
				SWIFT_EMIT_LOC_STRINGS = NO;
				SWIFT_VERSION = 5.0;
				TARGETED_DEVICE_FAMILY = "1,2";
				TEST_TARGET_NAME = Counter;
			};
			name = Debug;
		};
		C6C8C38B2A37159400100E42 /* Release */ = {
			isa = XCBuildConfiguration;
			buildSettings = {
				ALWAYS_EMBED_SWIFT_STANDARD_LIBRARIES = YES;
				CODE_SIGN_STYLE = Automatic;
				CURRENT_PROJECT_VERSION = 1;
				DEVELOPMENT_TEAM = 74W9FTDH8D;
				GENERATE_INFOPLIST_FILE = YES;
				MARKETING_VERSION = 1.0;
				PRODUCT_BUNDLE_IDENTIFIER = org.fngoc.CounterUITests;
				PRODUCT_NAME = "$(TARGET_NAME)";
				SWIFT_EMIT_LOC_STRINGS = NO;
				SWIFT_VERSION = 5.0;
				TARGETED_DEVICE_FAMILY = "1,2";
				TEST_TARGET_NAME = Counter;
			};
			name = Release;
		};
/* End XCBuildConfiguration section */

/* Begin XCConfigurationList section */
		C6C8C3542A37159100100E42 /* Build configuration list for PBXProject "Counter" */ = {
			isa = XCConfigurationList;
			buildConfigurations = (
				C6C8C3812A37159400100E42 /* Debug */,
				C6C8C3822A37159400100E42 /* Release */,
			);
			defaultConfigurationIsVisible = 0;
			defaultConfigurationName = Release;
		};
		C6C8C3832A37159400100E42 /* Build configuration list for PBXNativeTarget "Counter" */ = {
			isa = XCConfigurationList;
			buildConfigurations = (
				C6C8C3842A37159400100E42 /* Debug */,
				C6C8C3852A37159400100E42 /* Release */,
			);
			defaultConfigurationIsVisible = 0;
			defaultConfigurationName = Release;
		};
		C6C8C3862A37159400100E42 /* Build configuration list for PBXNativeTarget "CounterTests" */ = {
			isa = XCConfigurationList;
			buildConfigurations = (
				C6C8C3872A37159400100E42 /* Debug */,
				C6C8C3882A37159400100E42 /* Release */,
			);
			defaultConfigurationIsVisible = 0;
			defaultConfigurationName = Release;
		};
		C6C8C3892A37159400100E42 /* Build configuration list for PBXNativeTarget "CounterUITests" */ = {
			isa = XCConfigurationList;
			buildConfigurations = (
				C6C8C38A2A37159400100E42 /* Debug */,
				C6C8C38B2A37159400100E42 /* Release */,
			);
			defaultConfigurationIsVisible = 0;
			defaultConfigurationName = Release;
		};
/* End XCConfigurationList section */
	};
	rootObject = C6C8C3512A37159100100E42 /* Project object */;
}
